// !$*UTF8*$!
{
	archiveVersion = 1;
	classes = {
	};
	objectVersion = 56;
	objects = {

/* Begin PBXBuildFile section */
		871B12792924114C000C6D6D /* Adjusted+.swift in Sources */ = {isa = PBXBuildFile; fileRef = 871B12782924114C000C6D6D /* Adjusted+.swift */; };
		87604938292BEFA200153459 /* NetworkConstant.swift in Sources */ = {isa = PBXBuildFile; fileRef = 87604937292BEFA200153459 /* NetworkConstant.swift */; };
		8760493E292BF04E00153459 /* Moya in Frameworks */ = {isa = PBXBuildFile; productRef = 8760493D292BF04E00153459 /* Moya */; };
		87604941292BF27600153459 /* SnapKit in Frameworks */ = {isa = PBXBuildFile; productRef = 87604940292BF27600153459 /* SnapKit */; };
		87604943292BFAB800153459 /* CommonRequestDTO.swift in Sources */ = {isa = PBXBuildFile; fileRef = 87604942292BFAB800153459 /* CommonRequestDTO.swift */; };
		87604948292C015000153459 /* TimeExerciseAPI.swift in Sources */ = {isa = PBXBuildFile; fileRef = 87604947292C015000153459 /* TimeExerciseAPI.swift */; };
		8760494A292C015800153459 /* LikeAPI.swift in Sources */ = {isa = PBXBuildFile; fileRef = 87604949292C015800153459 /* LikeAPI.swift */; };
		8760494C292C016000153459 /* MyProfileAPI.swift in Sources */ = {isa = PBXBuildFile; fileRef = 8760494B292C016000153459 /* MyProfileAPI.swift */; };
		87604950292C0AFA00153459 /* NetworkResult.swift in Sources */ = {isa = PBXBuildFile; fileRef = 8760494F292C0AFA00153459 /* NetworkResult.swift */; };
		87604954292C124600153459 /* CrewViewController.swift in Sources */ = {isa = PBXBuildFile; fileRef = 87604953292C124600153459 /* CrewViewController.swift */; };
		87604956292D3AA400153459 /* RunGaugeModel.swift in Sources */ = {isa = PBXBuildFile; fileRef = 87604955292D3AA400153459 /* RunGaugeModel.swift */; };
		87604958292D3D0E00153459 /* RunGaugeStackView.swift in Sources */ = {isa = PBXBuildFile; fileRef = 87604957292D3D0E00153459 /* RunGaugeStackView.swift */; };
		876D2A7729218DE300EA19F2 /* UIFont+.swift in Sources */ = {isa = PBXBuildFile; fileRef = 876D2A7629218DE300EA19F2 /* UIFont+.swift */; };
		876D2A7829218FE900EA19F2 /* RopaMixPro-ExtraBoldItalic.otf in Resources */ = {isa = PBXBuildFile; fileRef = 87DFF03A29217123008D0FEF /* RopaMixPro-ExtraBoldItalic.otf */; };
		876D2A7929218FEC00EA19F2 /* NotoSansKR-Bold.otf in Resources */ = {isa = PBXBuildFile; fileRef = 87DFF03929216FA1008D0FEF /* NotoSansKR-Bold.otf */; };
		876D2A7A29218FEE00EA19F2 /* NotoSansKR-Medium.otf in Resources */ = {isa = PBXBuildFile; fileRef = 87DFF03729216FA0008D0FEF /* NotoSansKR-Medium.otf */; };
		876D2A7B29218FF000EA19F2 /* NotoSansKR-Regular.otf in Resources */ = {isa = PBXBuildFile; fileRef = 87DFF03829216FA1008D0FEF /* NotoSansKR-Regular.otf */; };
		8793EA2D292E949D00D593AA /* CircleRunningViewController.swift in Sources */ = {isa = PBXBuildFile; fileRef = 8793EA2C292E949D00D593AA /* CircleRunningViewController.swift */; };
		8793EA2F292E96F100D593AA /* RunCircleStepView.swift in Sources */ = {isa = PBXBuildFile; fileRef = 8793EA2E292E96F100D593AA /* RunCircleStepView.swift */; };
		8793EA31292E9F6800D593AA /* RunCircleProgressView.swift in Sources */ = {isa = PBXBuildFile; fileRef = 8793EA30292E9F6800D593AA /* RunCircleProgressView.swift */; };
		87DFEFE5291F69B3008D0FEF /* AppDelegate.swift in Sources */ = {isa = PBXBuildFile; fileRef = 87DFEFE4291F69B3008D0FEF /* AppDelegate.swift */; };
		87DFEFE7291F69B3008D0FEF /* SceneDelegate.swift in Sources */ = {isa = PBXBuildFile; fileRef = 87DFEFE6291F69B3008D0FEF /* SceneDelegate.swift */; };
		87DFEFE9291F69B3008D0FEF /* BaseTabBarController.swift in Sources */ = {isa = PBXBuildFile; fileRef = 87DFEFE8291F69B3008D0FEF /* BaseTabBarController.swift */; };
		87DFEFEC291F69B3008D0FEF /* Main.storyboard in Resources */ = {isa = PBXBuildFile; fileRef = 87DFEFEA291F69B3008D0FEF /* Main.storyboard */; };
		87DFEFEE291F69C1008D0FEF /* Assets.xcassets in Resources */ = {isa = PBXBuildFile; fileRef = 87DFEFED291F69C1008D0FEF /* Assets.xcassets */; };
		87DFEFF1291F69C1008D0FEF /* LaunchScreen.storyboard in Resources */ = {isa = PBXBuildFile; fileRef = 87DFEFEF291F69C1008D0FEF /* LaunchScreen.storyboard */; };
		87DFF00929215339008D0FEF /* UIView+.swift in Sources */ = {isa = PBXBuildFile; fileRef = 87DFF00829215339008D0FEF /* UIView+.swift */; };
		87DFF00B29215346008D0FEF /* UIStackView+.swift in Sources */ = {isa = PBXBuildFile; fileRef = 87DFF00A29215346008D0FEF /* UIStackView+.swift */; };
		87DFF00D2921535F008D0FEF /* UIColor+.swift in Sources */ = {isa = PBXBuildFile; fileRef = 87DFF00C2921535F008D0FEF /* UIColor+.swift */; };
		87DFF00F29215379008D0FEF /* UITableViewCell+.swift in Sources */ = {isa = PBXBuildFile; fileRef = 87DFF00E29215379008D0FEF /* UITableViewCell+.swift */; };
		87DFF0112921538E008D0FEF /* UICollectionViewCell+.swift in Sources */ = {isa = PBXBuildFile; fileRef = 87DFF0102921538E008D0FEF /* UICollectionViewCell+.swift */; };
		87DFF015292157CD008D0FEF /* BaseNavigationView.swift in Sources */ = {isa = PBXBuildFile; fileRef = 87DFF014292157CD008D0FEF /* BaseNavigationView.swift */; };
		87DFF01B2921588D008D0FEF /* Then in Frameworks */ = {isa = PBXBuildFile; productRef = 87DFF01A2921588D008D0FEF /* Then */; };
		87DFF01D292158DA008D0FEF /* BaseNavigationController.swift in Sources */ = {isa = PBXBuildFile; fileRef = 87DFF01C292158DA008D0FEF /* BaseNavigationController.swift */; };
		87DFF01F29215900008D0FEF /* HomeViewController.swift in Sources */ = {isa = PBXBuildFile; fileRef = 87DFF01E29215900008D0FEF /* HomeViewController.swift */; };
		87DFF02129215924008D0FEF /* MenuViewController.swift in Sources */ = {isa = PBXBuildFile; fileRef = 87DFF02029215924008D0FEF /* MenuViewController.swift */; };
		87DFF0232921593F008D0FEF /* MyProfileViewController.swift in Sources */ = {isa = PBXBuildFile; fileRef = 87DFF0222921593F008D0FEF /* MyProfileViewController.swift */; };
		87DFF02529215952008D0FEF /* RunningViewController.swift in Sources */ = {isa = PBXBuildFile; fileRef = 87DFF02429215952008D0FEF /* RunningViewController.swift */; };
		87DFF03029216B6C008D0FEF /* URLConstant.swift in Sources */ = {isa = PBXBuildFile; fileRef = 87DFF02F29216B6C008D0FEF /* URLConstant.swift */; };
		87DFF04129217B67008D0FEF /* voice.json in Resources */ = {isa = PBXBuildFile; fileRef = 87DFF04029217B67008D0FEF /* voice.json */; };
		87DFF04429217E17008D0FEF /* UserModel.swift in Sources */ = {isa = PBXBuildFile; fileRef = 87DFF04329217E17008D0FEF /* UserModel.swift */; };
		87E221D5292424C7003EE72A /* RunStepView.swift in Sources */ = {isa = PBXBuildFile; fileRef = 87E221D4292424C7003EE72A /* RunStepView.swift */; };
		87E221D729242589003EE72A /* Speed.swift in Sources */ = {isa = PBXBuildFile; fileRef = 87E221D629242589003EE72A /* Speed.swift */; };
		87E221D929243440003EE72A /* RunGaugeView.swift in Sources */ = {isa = PBXBuildFile; fileRef = 87E221D829243440003EE72A /* RunGaugeView.swift */; };
		87E221E0292556C5003EE72A /* RunningTimer.swift in Sources */ = {isa = PBXBuildFile; fileRef = 87E221DF292556C5003EE72A /* RunningTimer.swift */; };
		AB0FCDE529250304009314FF /* MyExerciseViewController.swift in Sources */ = {isa = PBXBuildFile; fileRef = AB0FCDE429250304009314FF /* MyExerciseViewController.swift */; };
		AB0FCDE729250352009314FF /* LevelExerciseViewController.swift in Sources */ = {isa = PBXBuildFile; fileRef = AB0FCDE629250352009314FF /* LevelExerciseViewController.swift */; };
		AB0FCDE92925036B009314FF /* TimeExerciseViewController.swift in Sources */ = {isa = PBXBuildFile; fileRef = AB0FCDE82925036B009314FF /* TimeExerciseViewController.swift */; };
		AB0FCDEB2925038F009314FF /* PersonalExerciseViewController.swift in Sources */ = {isa = PBXBuildFile; fileRef = AB0FCDEA2925038F009314FF /* PersonalExerciseViewController.swift */; };
		AB1CAE0F2924D458000AB433 /* TabCollectionViewCell.swift in Sources */ = {isa = PBXBuildFile; fileRef = AB1CAE0E2924D458000AB433 /* TabCollectionViewCell.swift */; };
		AB1CAE112924E2A8000AB433 /* RunModel.swift in Sources */ = {isa = PBXBuildFile; fileRef = AB1CAE102924E2A8000AB433 /* RunModel.swift */; };
		AB89CFFB292CE8D1002BF039 /* TabModel.swift in Sources */ = {isa = PBXBuildFile; fileRef = AB89CFFA292CE8D1002BF039 /* TabModel.swift */; };
		ABA01AD4292D436000223B1E /* RunPhotoModel.swift in Sources */ = {isa = PBXBuildFile; fileRef = ABA01AD3292D436000223B1E /* RunPhotoModel.swift */; };
		ABEC7592292617990054B4B7 /* ExerciseCollectionViewCell.swift in Sources */ = {isa = PBXBuildFile; fileRef = ABEC7591292617990054B4B7 /* ExerciseCollectionViewCell.swift */; };
		ABEC7594292622DE0054B4B7 /* Exercise.swift in Sources */ = {isa = PBXBuildFile; fileRef = ABEC7593292622DE0054B4B7 /* Exercise.swift */; };
		B849DC4E29279A0C00841F97 /* NetworkLoggerPlugin.swift in Sources */ = {isa = PBXBuildFile; fileRef = B849DC4D29279A0C00841F97 /* NetworkLoggerPlugin.swift */; };
		B849DC5029279A4C00841F97 /* Encodable+.swift in Sources */ = {isa = PBXBuildFile; fileRef = B849DC4F29279A4C00841F97 /* Encodable+.swift */; };
		B849DC542927A68D00841F97 /* MyProfileResponseDTO.swift in Sources */ = {isa = PBXBuildFile; fileRef = B849DC532927A68D00841F97 /* MyProfileResponseDTO.swift */; };
		B849DC562927A77B00841F97 /* TimeExerciseResponseDTO.swift in Sources */ = {isa = PBXBuildFile; fileRef = B849DC552927A77B00841F97 /* TimeExerciseResponseDTO.swift */; };
		B849DC5A2927AC8900841F97 /* LikeResponseDTO.swift in Sources */ = {isa = PBXBuildFile; fileRef = B849DC592927AC8900841F97 /* LikeResponseDTO.swift */; };
		B849DC5E2927B00B00841F97 /* MyProfileService.swift in Sources */ = {isa = PBXBuildFile; fileRef = B849DC5D2927B00B00841F97 /* MyProfileService.swift */; };
		B849DC602927B44100841F97 /* BaseTargetType.swift in Sources */ = {isa = PBXBuildFile; fileRef = B849DC5F2927B44100841F97 /* BaseTargetType.swift */; };
		B849DC652928A53100841F97 /* TimeExerciseService.swift in Sources */ = {isa = PBXBuildFile; fileRef = B849DC642928A53100841F97 /* TimeExerciseService.swift */; };
		B849DC672928A69600841F97 /* LikeService.swift in Sources */ = {isa = PBXBuildFile; fileRef = B849DC662928A69600841F97 /* LikeService.swift */; };
		B87E4D56292BC55C004208D1 /* NetworkError.swift in Sources */ = {isa = PBXBuildFile; fileRef = B87E4D55292BC55C004208D1 /* NetworkError.swift */; };
		D61A53C42926B1FE00F2386A /* Lottie in Frameworks */ = {isa = PBXBuildFile; productRef = D61A53C32926B1FE00F2386A /* Lottie */; };
		D64434902924C5F500B2658B /* MyProfileView.swift in Sources */ = {isa = PBXBuildFile; fileRef = D644348F2924C5F500B2658B /* MyProfileView.swift */; };
		D6C979692925D9DC001F78BE /* ProfileTableViewCellType.swift in Sources */ = {isa = PBXBuildFile; fileRef = D6C979682925D9DC001F78BE /* ProfileTableViewCellType.swift */; };
		D6F8053A2925199B003ED937 /* ProfileModel.swift in Sources */ = {isa = PBXBuildFile; fileRef = D6F805392925199B003ED937 /* ProfileModel.swift */; };
		D6F8053C292519F2003ED937 /* ExerciseModel.swift in Sources */ = {isa = PBXBuildFile; fileRef = D6F8053B292519F2003ED937 /* ExerciseModel.swift */; };
		D6F8053E29251A17003ED937 /* BadgeModel.swift in Sources */ = {isa = PBXBuildFile; fileRef = D6F8053D29251A17003ED937 /* BadgeModel.swift */; };
		D6F8054029251A95003ED937 /* MenuModel.swift in Sources */ = {isa = PBXBuildFile; fileRef = D6F8053F29251A95003ED937 /* MenuModel.swift */; };
		D6F8054429251FE6003ED937 /* ExerciseCell.swift in Sources */ = {isa = PBXBuildFile; fileRef = D6F8054329251FE6003ED937 /* ExerciseCell.swift */; };
		D6F8054629252439003ED937 /* BadgeCell.swift in Sources */ = {isa = PBXBuildFile; fileRef = D6F8054529252439003ED937 /* BadgeCell.swift */; };
		D6F8054829252473003ED937 /* MenuCell.swift in Sources */ = {isa = PBXBuildFile; fileRef = D6F8054729252473003ED937 /* MenuCell.swift */; };
/* End PBXBuildFile section */

/* Begin PBXFileReference section */
		871B12782924114C000C6D6D /* Adjusted+.swift */ = {isa = PBXFileReference; lastKnownFileType = sourcecode.swift; path = "Adjusted+.swift"; sourceTree = "<group>"; };
		87604937292BEFA200153459 /* NetworkConstant.swift */ = {isa = PBXFileReference; lastKnownFileType = sourcecode.swift; path = NetworkConstant.swift; sourceTree = "<group>"; };
		87604942292BFAB800153459 /* CommonRequestDTO.swift */ = {isa = PBXFileReference; lastKnownFileType = sourcecode.swift; path = CommonRequestDTO.swift; sourceTree = "<group>"; };
		87604947292C015000153459 /* TimeExerciseAPI.swift */ = {isa = PBXFileReference; lastKnownFileType = sourcecode.swift; path = TimeExerciseAPI.swift; sourceTree = "<group>"; };
		87604949292C015800153459 /* LikeAPI.swift */ = {isa = PBXFileReference; lastKnownFileType = sourcecode.swift; path = LikeAPI.swift; sourceTree = "<group>"; };
		8760494B292C016000153459 /* MyProfileAPI.swift */ = {isa = PBXFileReference; lastKnownFileType = sourcecode.swift; path = MyProfileAPI.swift; sourceTree = "<group>"; };
		8760494F292C0AFA00153459 /* NetworkResult.swift */ = {isa = PBXFileReference; lastKnownFileType = sourcecode.swift; path = NetworkResult.swift; sourceTree = "<group>"; };
		87604953292C124600153459 /* CrewViewController.swift */ = {isa = PBXFileReference; lastKnownFileType = sourcecode.swift; path = CrewViewController.swift; sourceTree = "<group>"; };
		87604955292D3AA400153459 /* RunGaugeModel.swift */ = {isa = PBXFileReference; lastKnownFileType = sourcecode.swift; path = RunGaugeModel.swift; sourceTree = "<group>"; };
		87604957292D3D0E00153459 /* RunGaugeStackView.swift */ = {isa = PBXFileReference; lastKnownFileType = sourcecode.swift; path = RunGaugeStackView.swift; sourceTree = "<group>"; };
		876D2A7629218DE300EA19F2 /* UIFont+.swift */ = {isa = PBXFileReference; lastKnownFileType = sourcecode.swift; path = "UIFont+.swift"; sourceTree = "<group>"; };
		8793EA2C292E949D00D593AA /* CircleRunningViewController.swift */ = {isa = PBXFileReference; lastKnownFileType = sourcecode.swift; path = CircleRunningViewController.swift; sourceTree = "<group>"; };
		8793EA2E292E96F100D593AA /* RunCircleStepView.swift */ = {isa = PBXFileReference; lastKnownFileType = sourcecode.swift; path = RunCircleStepView.swift; sourceTree = "<group>"; };
		8793EA30292E9F6800D593AA /* RunCircleProgressView.swift */ = {isa = PBXFileReference; lastKnownFileType = sourcecode.swift; path = RunCircleProgressView.swift; sourceTree = "<group>"; };
		87DFEFE1291F69B3008D0FEF /* Runday.app */ = {isa = PBXFileReference; explicitFileType = wrapper.application; includeInIndex = 0; path = Runday.app; sourceTree = BUILT_PRODUCTS_DIR; };
		87DFEFE4291F69B3008D0FEF /* AppDelegate.swift */ = {isa = PBXFileReference; lastKnownFileType = sourcecode.swift; path = AppDelegate.swift; sourceTree = "<group>"; };
		87DFEFE6291F69B3008D0FEF /* SceneDelegate.swift */ = {isa = PBXFileReference; lastKnownFileType = sourcecode.swift; path = SceneDelegate.swift; sourceTree = "<group>"; };
		87DFEFE8291F69B3008D0FEF /* BaseTabBarController.swift */ = {isa = PBXFileReference; lastKnownFileType = sourcecode.swift; path = BaseTabBarController.swift; sourceTree = "<group>"; };
		87DFEFEB291F69B3008D0FEF /* Base */ = {isa = PBXFileReference; lastKnownFileType = file.storyboard; name = Base; path = Base.lproj/Main.storyboard; sourceTree = "<group>"; };
		87DFEFED291F69C1008D0FEF /* Assets.xcassets */ = {isa = PBXFileReference; lastKnownFileType = folder.assetcatalog; path = Assets.xcassets; sourceTree = "<group>"; };
		87DFEFF0291F69C1008D0FEF /* Base */ = {isa = PBXFileReference; lastKnownFileType = file.storyboard; name = Base; path = Base.lproj/LaunchScreen.storyboard; sourceTree = "<group>"; };
		87DFEFF2291F69C1008D0FEF /* Info.plist */ = {isa = PBXFileReference; lastKnownFileType = text.plist.xml; path = Info.plist; sourceTree = "<group>"; };
		87DFF00829215339008D0FEF /* UIView+.swift */ = {isa = PBXFileReference; lastKnownFileType = sourcecode.swift; name = "UIView+.swift"; path = "Runday/Global/Extension/UIView+.swift"; sourceTree = SOURCE_ROOT; };
		87DFF00A29215346008D0FEF /* UIStackView+.swift */ = {isa = PBXFileReference; lastKnownFileType = sourcecode.swift; name = "UIStackView+.swift"; path = "Runday/Global/Extension/UIStackView+.swift"; sourceTree = SOURCE_ROOT; };
		87DFF00C2921535F008D0FEF /* UIColor+.swift */ = {isa = PBXFileReference; lastKnownFileType = sourcecode.swift; name = "UIColor+.swift"; path = "Runday/Global/Extension/UIColor+.swift"; sourceTree = SOURCE_ROOT; };
		87DFF00E29215379008D0FEF /* UITableViewCell+.swift */ = {isa = PBXFileReference; lastKnownFileType = sourcecode.swift; name = "UITableViewCell+.swift"; path = "Runday/Global/Extension/UITableViewCell+.swift"; sourceTree = SOURCE_ROOT; };
		87DFF0102921538E008D0FEF /* UICollectionViewCell+.swift */ = {isa = PBXFileReference; lastKnownFileType = sourcecode.swift; name = "UICollectionViewCell+.swift"; path = "Runday/Global/Extension/UICollectionViewCell+.swift"; sourceTree = SOURCE_ROOT; };
		87DFF014292157CD008D0FEF /* BaseNavigationView.swift */ = {isa = PBXFileReference; lastKnownFileType = sourcecode.swift; path = BaseNavigationView.swift; sourceTree = "<group>"; };
		87DFF01C292158DA008D0FEF /* BaseNavigationController.swift */ = {isa = PBXFileReference; lastKnownFileType = sourcecode.swift; path = BaseNavigationController.swift; sourceTree = "<group>"; };
		87DFF01E29215900008D0FEF /* HomeViewController.swift */ = {isa = PBXFileReference; lastKnownFileType = sourcecode.swift; path = HomeViewController.swift; sourceTree = "<group>"; };
		87DFF02029215924008D0FEF /* MenuViewController.swift */ = {isa = PBXFileReference; lastKnownFileType = sourcecode.swift; path = MenuViewController.swift; sourceTree = "<group>"; };
		87DFF0222921593F008D0FEF /* MyProfileViewController.swift */ = {isa = PBXFileReference; lastKnownFileType = sourcecode.swift; path = MyProfileViewController.swift; sourceTree = "<group>"; };
		87DFF02429215952008D0FEF /* RunningViewController.swift */ = {isa = PBXFileReference; lastKnownFileType = sourcecode.swift; path = RunningViewController.swift; sourceTree = "<group>"; };
		87DFF02F29216B6C008D0FEF /* URLConstant.swift */ = {isa = PBXFileReference; lastKnownFileType = sourcecode.swift; path = URLConstant.swift; sourceTree = "<group>"; };
		87DFF03729216FA0008D0FEF /* NotoSansKR-Medium.otf */ = {isa = PBXFileReference; lastKnownFileType = file; path = "NotoSansKR-Medium.otf"; sourceTree = "<group>"; };
		87DFF03829216FA1008D0FEF /* NotoSansKR-Regular.otf */ = {isa = PBXFileReference; lastKnownFileType = file; path = "NotoSansKR-Regular.otf"; sourceTree = "<group>"; };
		87DFF03929216FA1008D0FEF /* NotoSansKR-Bold.otf */ = {isa = PBXFileReference; lastKnownFileType = file; path = "NotoSansKR-Bold.otf"; sourceTree = "<group>"; };
		87DFF03A29217123008D0FEF /* RopaMixPro-ExtraBoldItalic.otf */ = {isa = PBXFileReference; lastKnownFileType = file; path = "RopaMixPro-ExtraBoldItalic.otf"; sourceTree = "<group>"; };
		87DFF04029217B67008D0FEF /* voice.json */ = {isa = PBXFileReference; fileEncoding = 4; lastKnownFileType = text.json; path = voice.json; sourceTree = "<group>"; };
		87DFF04329217E17008D0FEF /* UserModel.swift */ = {isa = PBXFileReference; lastKnownFileType = sourcecode.swift; path = UserModel.swift; sourceTree = "<group>"; };
		87E221D4292424C7003EE72A /* RunStepView.swift */ = {isa = PBXFileReference; lastKnownFileType = sourcecode.swift; path = RunStepView.swift; sourceTree = "<group>"; };
		87E221D629242589003EE72A /* Speed.swift */ = {isa = PBXFileReference; lastKnownFileType = sourcecode.swift; path = Speed.swift; sourceTree = "<group>"; };
		87E221D829243440003EE72A /* RunGaugeView.swift */ = {isa = PBXFileReference; lastKnownFileType = sourcecode.swift; path = RunGaugeView.swift; sourceTree = "<group>"; };
		87E221DF292556C5003EE72A /* RunningTimer.swift */ = {isa = PBXFileReference; lastKnownFileType = sourcecode.swift; path = RunningTimer.swift; sourceTree = "<group>"; };
		AB0FCDE429250304009314FF /* MyExerciseViewController.swift */ = {isa = PBXFileReference; lastKnownFileType = sourcecode.swift; path = MyExerciseViewController.swift; sourceTree = "<group>"; };
		AB0FCDE629250352009314FF /* LevelExerciseViewController.swift */ = {isa = PBXFileReference; lastKnownFileType = sourcecode.swift; path = LevelExerciseViewController.swift; sourceTree = "<group>"; };
		AB0FCDE82925036B009314FF /* TimeExerciseViewController.swift */ = {isa = PBXFileReference; lastKnownFileType = sourcecode.swift; path = TimeExerciseViewController.swift; sourceTree = "<group>"; };
		AB0FCDEA2925038F009314FF /* PersonalExerciseViewController.swift */ = {isa = PBXFileReference; lastKnownFileType = sourcecode.swift; path = PersonalExerciseViewController.swift; sourceTree = "<group>"; };
		AB1CAE0E2924D458000AB433 /* TabCollectionViewCell.swift */ = {isa = PBXFileReference; lastKnownFileType = sourcecode.swift; path = TabCollectionViewCell.swift; sourceTree = "<group>"; };
		AB1CAE102924E2A8000AB433 /* RunModel.swift */ = {isa = PBXFileReference; lastKnownFileType = sourcecode.swift; path = RunModel.swift; sourceTree = "<group>"; };
		AB89CFFA292CE8D1002BF039 /* TabModel.swift */ = {isa = PBXFileReference; lastKnownFileType = sourcecode.swift; path = TabModel.swift; sourceTree = "<group>"; };
		ABA01AD3292D436000223B1E /* RunPhotoModel.swift */ = {isa = PBXFileReference; lastKnownFileType = sourcecode.swift; path = RunPhotoModel.swift; sourceTree = "<group>"; };
		ABEC7591292617990054B4B7 /* ExerciseCollectionViewCell.swift */ = {isa = PBXFileReference; lastKnownFileType = sourcecode.swift; path = ExerciseCollectionViewCell.swift; sourceTree = "<group>"; };
		ABEC7593292622DE0054B4B7 /* Exercise.swift */ = {isa = PBXFileReference; lastKnownFileType = sourcecode.swift; path = Exercise.swift; sourceTree = "<group>"; };
		B849DC4D29279A0C00841F97 /* NetworkLoggerPlugin.swift */ = {isa = PBXFileReference; lastKnownFileType = sourcecode.swift; path = NetworkLoggerPlugin.swift; sourceTree = "<group>"; };
		B849DC4F29279A4C00841F97 /* Encodable+.swift */ = {isa = PBXFileReference; lastKnownFileType = sourcecode.swift; path = "Encodable+.swift"; sourceTree = "<group>"; };
		B849DC532927A68D00841F97 /* MyProfileResponseDTO.swift */ = {isa = PBXFileReference; lastKnownFileType = sourcecode.swift; path = MyProfileResponseDTO.swift; sourceTree = "<group>"; };
		B849DC552927A77B00841F97 /* TimeExerciseResponseDTO.swift */ = {isa = PBXFileReference; lastKnownFileType = sourcecode.swift; path = TimeExerciseResponseDTO.swift; sourceTree = "<group>"; };
		B849DC592927AC8900841F97 /* LikeResponseDTO.swift */ = {isa = PBXFileReference; lastKnownFileType = sourcecode.swift; path = LikeResponseDTO.swift; sourceTree = "<group>"; };
		B849DC5D2927B00B00841F97 /* MyProfileService.swift */ = {isa = PBXFileReference; lastKnownFileType = sourcecode.swift; path = MyProfileService.swift; sourceTree = "<group>"; };
		B849DC5F2927B44100841F97 /* BaseTargetType.swift */ = {isa = PBXFileReference; lastKnownFileType = sourcecode.swift; path = BaseTargetType.swift; sourceTree = "<group>"; };
		B849DC642928A53100841F97 /* TimeExerciseService.swift */ = {isa = PBXFileReference; lastKnownFileType = sourcecode.swift; path = TimeExerciseService.swift; sourceTree = "<group>"; };
		B849DC662928A69600841F97 /* LikeService.swift */ = {isa = PBXFileReference; lastKnownFileType = sourcecode.swift; path = LikeService.swift; sourceTree = "<group>"; };
		B87E4D55292BC55C004208D1 /* NetworkError.swift */ = {isa = PBXFileReference; lastKnownFileType = sourcecode.swift; path = NetworkError.swift; sourceTree = "<group>"; };
		D644348F2924C5F500B2658B /* MyProfileView.swift */ = {isa = PBXFileReference; lastKnownFileType = sourcecode.swift; path = MyProfileView.swift; sourceTree = "<group>"; };
		D6C979682925D9DC001F78BE /* ProfileTableViewCellType.swift */ = {isa = PBXFileReference; lastKnownFileType = sourcecode.swift; path = ProfileTableViewCellType.swift; sourceTree = "<group>"; };
		D6F805392925199B003ED937 /* ProfileModel.swift */ = {isa = PBXFileReference; lastKnownFileType = sourcecode.swift; path = ProfileModel.swift; sourceTree = "<group>"; };
		D6F8053B292519F2003ED937 /* ExerciseModel.swift */ = {isa = PBXFileReference; lastKnownFileType = sourcecode.swift; path = ExerciseModel.swift; sourceTree = "<group>"; };
		D6F8053D29251A17003ED937 /* BadgeModel.swift */ = {isa = PBXFileReference; lastKnownFileType = sourcecode.swift; path = BadgeModel.swift; sourceTree = "<group>"; };
		D6F8053F29251A95003ED937 /* MenuModel.swift */ = {isa = PBXFileReference; lastKnownFileType = sourcecode.swift; path = MenuModel.swift; sourceTree = "<group>"; };
		D6F8054329251FE6003ED937 /* ExerciseCell.swift */ = {isa = PBXFileReference; lastKnownFileType = sourcecode.swift; path = ExerciseCell.swift; sourceTree = "<group>"; };
		D6F8054529252439003ED937 /* BadgeCell.swift */ = {isa = PBXFileReference; lastKnownFileType = sourcecode.swift; path = BadgeCell.swift; sourceTree = "<group>"; };
		D6F8054729252473003ED937 /* MenuCell.swift */ = {isa = PBXFileReference; lastKnownFileType = sourcecode.swift; path = MenuCell.swift; sourceTree = "<group>"; };
/* End PBXFileReference section */

/* Begin PBXFrameworksBuildPhase section */
		87DFEFDE291F69B3008D0FEF /* Frameworks */ = {
			isa = PBXFrameworksBuildPhase;
			buildActionMask = 2147483647;
			files = (
				87DFF01B2921588D008D0FEF /* Then in Frameworks */,
				87604941292BF27600153459 /* SnapKit in Frameworks */,
				8760493E292BF04E00153459 /* Moya in Frameworks */,
				D61A53C42926B1FE00F2386A /* Lottie in Frameworks */,
			);
			runOnlyForDeploymentPostprocessing = 0;
		};
/* End PBXFrameworksBuildPhase section */

/* Begin PBXGroup section */
		87604936292BEE0200153459 /* API */ = {
			isa = PBXGroup;
			children = (
				87604945292C012500153459 /* Home */,
				87604946292C012F00153459 /* MyProfile */,
			);
			path = API;
			sourceTree = "<group>";
		};
		87604945292C012500153459 /* Home */ = {
			isa = PBXGroup;
			children = (
				87604947292C015000153459 /* TimeExerciseAPI.swift */,
				87604949292C015800153459 /* LikeAPI.swift */,
			);
			path = Home;
			sourceTree = "<group>";
		};
		87604946292C012F00153459 /* MyProfile */ = {
			isa = PBXGroup;
			children = (
				8760494B292C016000153459 /* MyProfileAPI.swift */,
			);
			path = MyProfile;
			sourceTree = "<group>";
		};
		87604952292C123B00153459 /* Crew */ = {
			isa = PBXGroup;
			children = (
				87604953292C124600153459 /* CrewViewController.swift */,
			);
			path = Crew;
			sourceTree = "<group>";
		};
		8793EA32292EB93A00D593AA /* History */ = {
			isa = PBXGroup;
			children = (
				87DFF02429215952008D0FEF /* RunningViewController.swift */,
				87E221D4292424C7003EE72A /* RunStepView.swift */,
			);
			path = History;
			sourceTree = "<group>";
		};
		87DFEFD8291F69B3008D0FEF = {
			isa = PBXGroup;
			children = (
				87DFEFE3291F69B3008D0FEF /* Runday */,
				87DFEFE2291F69B3008D0FEF /* Products */,
			);
			sourceTree = "<group>";
		};
		87DFEFE2291F69B3008D0FEF /* Products */ = {
			isa = PBXGroup;
			children = (
				87DFEFE1291F69B3008D0FEF /* Runday.app */,
			);
			name = Products;
			sourceTree = "<group>";
		};
		87DFEFE3291F69B3008D0FEF /* Runday */ = {
			isa = PBXGroup;
			children = (
				87DFEFF8291F69D4008D0FEF /* Global */,
				87DFEFFB291F69E5008D0FEF /* Resource */,
				87DFEFF9291F69D9008D0FEF /* Network */,
				87DFEFFA291F69DE008D0FEF /* Screen */,
			);
			path = Runday;
			sourceTree = "<group>";
		};
		87DFEFF8291F69D4008D0FEF /* Global */ = {
			isa = PBXGroup;
			children = (
				87DFF04229217E0E008D0FEF /* Constant */,
				87DFF03F29217B27008D0FEF /* Extension */,
			);
			path = Global;
			sourceTree = "<group>";
		};
		87DFEFF9291F69D9008D0FEF /* Network */ = {
			isa = PBXGroup;
			children = (
				B849DC4A29278FFB00841F97 /* Base */,
				87604936292BEE0200153459 /* API */,
				B849DC4B2927900300841F97 /* Service */,
				B849DC4C2927900900841F97 /* DataModel */,
			);
			path = Network;
			sourceTree = "<group>";
		};
		87DFEFFA291F69DE008D0FEF /* Screen */ = {
			isa = PBXGroup;
			children = (
				87DFF001291F6A84008D0FEF /* Base */,
				87DFF004291F88C0008D0FEF /* Home */,
				87DFF006291F92C3008D0FEF /* Menu */,
				87DFF005291F88C9008D0FEF /* MyProfile */,
				87DFF007291F92D8008D0FEF /* Running */,
				87604952292C123B00153459 /* Crew */,
				8793EA32292EB93A00D593AA /* History */,
			);
			path = Screen;
			sourceTree = "<group>";
		};
		87DFEFFB291F69E5008D0FEF /* Resource */ = {
			isa = PBXGroup;
			children = (
				87DFF02E29216AEF008D0FEF /* Asset */,
				87DFEFFC291F6A17008D0FEF /* Application */,
				87DFEFFE291F6A31008D0FEF /* Storyboard */,
				87DFF03529216F20008D0FEF /* Font */,
				87DFF02B29216391008D0FEF /* Lottie */,
			);
			path = Resource;
			sourceTree = "<group>";
		};
		87DFEFFC291F6A17008D0FEF /* Application */ = {
			isa = PBXGroup;
			children = (
				87DFEFF2291F69C1008D0FEF /* Info.plist */,
				87DFEFE4291F69B3008D0FEF /* AppDelegate.swift */,
				87DFEFE6291F69B3008D0FEF /* SceneDelegate.swift */,
			);
			path = Application;
			sourceTree = "<group>";
		};
		87DFEFFE291F6A31008D0FEF /* Storyboard */ = {
			isa = PBXGroup;
			children = (
				87DFEFEF291F69C1008D0FEF /* LaunchScreen.storyboard */,
				87DFEFEA291F69B3008D0FEF /* Main.storyboard */,
			);
			path = Storyboard;
			sourceTree = "<group>";
		};
		87DFF001291F6A84008D0FEF /* Base */ = {
			isa = PBXGroup;
			children = (
				87DFEFE8291F69B3008D0FEF /* BaseTabBarController.swift */,
				87DFF01C292158DA008D0FEF /* BaseNavigationController.swift */,
				87DFF014292157CD008D0FEF /* BaseNavigationView.swift */,
			);
			path = Base;
			sourceTree = "<group>";
		};
		87DFF004291F88C0008D0FEF /* Home */ = {
			isa = PBXGroup;
			children = (
				ABEC7593292622DE0054B4B7 /* Exercise.swift */,
				AB1CAE0A2924ACDD000AB433 /* Model */,
				AB1CAE0B2924ACE3000AB433 /* View */,
				AB1CAE0C2924ACE9000AB433 /* Controllers */,
			);
			path = Home;
			sourceTree = "<group>";
		};
		87DFF005291F88C9008D0FEF /* MyProfile */ = {
			isa = PBXGroup;
			children = (
				D6F8054229251F6F003ED937 /* Cell */,
				D6F8053829251982003ED937 /* Model */,
				D644348E2924C5D600B2658B /* Controller */,
				D644348D2924C5CC00B2658B /* View */,
			);
			path = MyProfile;
			sourceTree = "<group>";
		};
		87DFF006291F92C3008D0FEF /* Menu */ = {
			isa = PBXGroup;
			children = (
				87DFF02029215924008D0FEF /* MenuViewController.swift */,
			);
			path = Menu;
			sourceTree = "<group>";
		};
		87DFF007291F92D8008D0FEF /* Running */ = {
			isa = PBXGroup;
			children = (
				87E221D3292424AD003EE72A /* Model */,
				87E221D1292424A2003EE72A /* View */,
				87E221D2292424A8003EE72A /* Controller */,
			);
			path = Running;
			sourceTree = "<group>";
		};
		87DFF02B29216391008D0FEF /* Lottie */ = {
			isa = PBXGroup;
			children = (
				87DFF04029217B67008D0FEF /* voice.json */,
			);
			path = Lottie;
			sourceTree = "<group>";
		};
		87DFF02E29216AEF008D0FEF /* Asset */ = {
			isa = PBXGroup;
			children = (
				87DFEFED291F69C1008D0FEF /* Assets.xcassets */,
			);
			path = Asset;
			sourceTree = "<group>";
		};
		87DFF03529216F20008D0FEF /* Font */ = {
			isa = PBXGroup;
			children = (
				87DFF03B29217126008D0FEF /* RopaMixPro */,
				87DFF03629216F3D008D0FEF /* NotoSansKR */,
			);
			path = Font;
			sourceTree = "<group>";
		};
		87DFF03629216F3D008D0FEF /* NotoSansKR */ = {
			isa = PBXGroup;
			children = (
				87DFF03929216FA1008D0FEF /* NotoSansKR-Bold.otf */,
				87DFF03729216FA0008D0FEF /* NotoSansKR-Medium.otf */,
				87DFF03829216FA1008D0FEF /* NotoSansKR-Regular.otf */,
			);
			path = NotoSansKR;
			sourceTree = "<group>";
		};
		87DFF03B29217126008D0FEF /* RopaMixPro */ = {
			isa = PBXGroup;
			children = (
				87DFF03A29217123008D0FEF /* RopaMixPro-ExtraBoldItalic.otf */,
			);
			path = RopaMixPro;
			sourceTree = "<group>";
		};
		87DFF03F29217B27008D0FEF /* Extension */ = {
			isa = PBXGroup;
			children = (
				87DFF00829215339008D0FEF /* UIView+.swift */,
				87DFF00A29215346008D0FEF /* UIStackView+.swift */,
				87DFF00E29215379008D0FEF /* UITableViewCell+.swift */,
				87DFF0102921538E008D0FEF /* UICollectionViewCell+.swift */,
				87DFF00C2921535F008D0FEF /* UIColor+.swift */,
				876D2A7629218DE300EA19F2 /* UIFont+.swift */,
				871B12782924114C000C6D6D /* Adjusted+.swift */,
			);
			path = Extension;
			sourceTree = "<group>";
		};
		87DFF04229217E0E008D0FEF /* Constant */ = {
			isa = PBXGroup;
			children = (
				87DFF04329217E17008D0FEF /* UserModel.swift */,
			);
			path = Constant;
			sourceTree = "<group>";
		};
		87E221D1292424A2003EE72A /* View */ = {
			isa = PBXGroup;
			children = (
				8793EA2E292E96F100D593AA /* RunCircleStepView.swift */,
				8793EA30292E9F6800D593AA /* RunCircleProgressView.swift */,
				87E221D829243440003EE72A /* RunGaugeView.swift */,
				87604957292D3D0E00153459 /* RunGaugeStackView.swift */,
			);
			path = View;
			sourceTree = "<group>";
		};
		87E221D2292424A8003EE72A /* Controller */ = {
			isa = PBXGroup;
			children = (
				8793EA2C292E949D00D593AA /* CircleRunningViewController.swift */,
			);
			path = Controller;
			sourceTree = "<group>";
		};
		87E221D3292424AD003EE72A /* Model */ = {
			isa = PBXGroup;
			children = (
				87E221D629242589003EE72A /* Speed.swift */,
				87E221DF292556C5003EE72A /* RunningTimer.swift */,
				87604955292D3AA400153459 /* RunGaugeModel.swift */,
			);
			path = Model;
			sourceTree = "<group>";
		};
		AB1CAE0A2924ACDD000AB433 /* Model */ = {
			isa = PBXGroup;
			children = (
				AB1CAE102924E2A8000AB433 /* RunModel.swift */,
				AB89CFFA292CE8D1002BF039 /* TabModel.swift */,
				ABA01AD3292D436000223B1E /* RunPhotoModel.swift */,
			);
			path = Model;
			sourceTree = "<group>";
		};
		AB1CAE0B2924ACE3000AB433 /* View */ = {
			isa = PBXGroup;
			children = (
				AB1CAE0D2924D40B000AB433 /* Reusable */,
			);
			path = View;
			sourceTree = "<group>";
		};
		AB1CAE0C2924ACE9000AB433 /* Controllers */ = {
			isa = PBXGroup;
			children = (
				87DFF01E29215900008D0FEF /* HomeViewController.swift */,
				AB0FCDE429250304009314FF /* MyExerciseViewController.swift */,
				AB0FCDE629250352009314FF /* LevelExerciseViewController.swift */,
				AB0FCDE82925036B009314FF /* TimeExerciseViewController.swift */,
				AB0FCDEA2925038F009314FF /* PersonalExerciseViewController.swift */,
			);
			path = Controllers;
			sourceTree = "<group>";
		};
		AB1CAE0D2924D40B000AB433 /* Reusable */ = {
			isa = PBXGroup;
			children = (
				AB1CAE0E2924D458000AB433 /* TabCollectionViewCell.swift */,
				ABEC7591292617990054B4B7 /* ExerciseCollectionViewCell.swift */,
			);
			path = Reusable;
			sourceTree = "<group>";
		};
		B849DC4A29278FFB00841F97 /* Base */ = {
			isa = PBXGroup;
			children = (
				87DFF02F29216B6C008D0FEF /* URLConstant.swift */,
				B849DC4D29279A0C00841F97 /* NetworkLoggerPlugin.swift */,
				B849DC4F29279A4C00841F97 /* Encodable+.swift */,
				B849DC5F2927B44100841F97 /* BaseTargetType.swift */,
				87604937292BEFA200153459 /* NetworkConstant.swift */,
				8760494F292C0AFA00153459 /* NetworkResult.swift */,
			);
			path = Base;
			sourceTree = "<group>";
		};
		B849DC4B2927900300841F97 /* Service */ = {
			isa = PBXGroup;
			children = (
				B849DC5C2927AF0800841F97 /* Home */,
				B849DC5B2927AF0100841F97 /* MyProfile */,
			);
			path = Service;
			sourceTree = "<group>";
		};
		B849DC4C2927900900841F97 /* DataModel */ = {
			isa = PBXGroup;
			children = (
				B87E4D55292BC55C004208D1 /* NetworkError.swift */,
				87604942292BFAB800153459 /* CommonRequestDTO.swift */,
				B849DC5129279BD600841F97 /* Home */,
				B849DC5229279BDF00841F97 /* MyProfile */,
			);
			path = DataModel;
			sourceTree = "<group>";
		};
		B849DC5129279BD600841F97 /* Home */ = {
			isa = PBXGroup;
			children = (
				B849DC552927A77B00841F97 /* TimeExerciseResponseDTO.swift */,
				B849DC592927AC8900841F97 /* LikeResponseDTO.swift */,
			);
			path = Home;
			sourceTree = "<group>";
		};
		B849DC5229279BDF00841F97 /* MyProfile */ = {
			isa = PBXGroup;
			children = (
				B849DC532927A68D00841F97 /* MyProfileResponseDTO.swift */,
			);
			path = MyProfile;
			sourceTree = "<group>";
		};
		B849DC5B2927AF0100841F97 /* MyProfile */ = {
			isa = PBXGroup;
			children = (
				B849DC5D2927B00B00841F97 /* MyProfileService.swift */,
			);
			path = MyProfile;
			sourceTree = "<group>";
		};
		B849DC5C2927AF0800841F97 /* Home */ = {
			isa = PBXGroup;
			children = (
				B849DC642928A53100841F97 /* TimeExerciseService.swift */,
				B849DC662928A69600841F97 /* LikeService.swift */,
			);
			path = Home;
			sourceTree = "<group>";
		};
		D644348D2924C5CC00B2658B /* View */ = {
			isa = PBXGroup;
			children = (
				D644348F2924C5F500B2658B /* MyProfileView.swift */,
			);
			path = View;
			sourceTree = "<group>";
		};
		D644348E2924C5D600B2658B /* Controller */ = {
			isa = PBXGroup;
			children = (
				87DFF0222921593F008D0FEF /* MyProfileViewController.swift */,
			);
			path = Controller;
			sourceTree = "<group>";
		};
		D6F8053829251982003ED937 /* Model */ = {
			isa = PBXGroup;
			children = (
				D6F805392925199B003ED937 /* ProfileModel.swift */,
				D6F8053B292519F2003ED937 /* ExerciseModel.swift */,
				D6F8053D29251A17003ED937 /* BadgeModel.swift */,
				D6F8053F29251A95003ED937 /* MenuModel.swift */,
			);
			path = Model;
			sourceTree = "<group>";
		};
		D6F8054229251F6F003ED937 /* Cell */ = {
			isa = PBXGroup;
			children = (
				D6F8054329251FE6003ED937 /* ExerciseCell.swift */,
				D6F8054529252439003ED937 /* BadgeCell.swift */,
				D6F8054729252473003ED937 /* MenuCell.swift */,
				D6C979682925D9DC001F78BE /* ProfileTableViewCellType.swift */,
			);
			path = Cell;
			sourceTree = "<group>";
		};
/* End PBXGroup section */

/* Begin PBXNativeTarget section */
		87DFEFE0291F69B3008D0FEF /* Runday */ = {
			isa = PBXNativeTarget;
			buildConfigurationList = 87DFEFF5291F69C1008D0FEF /* Build configuration list for PBXNativeTarget "Runday" */;
			buildPhases = (
				87DFEFDD291F69B3008D0FEF /* Sources */,
				87DFEFDE291F69B3008D0FEF /* Frameworks */,
				87DFEFDF291F69B3008D0FEF /* Resources */,
			);
			buildRules = (
			);
			dependencies = (
			);
			name = Runday;
			packageProductDependencies = (
				87DFF01A2921588D008D0FEF /* Then */,
				D61A53C32926B1FE00F2386A /* Lottie */,
				8760493D292BF04E00153459 /* Moya */,
				87604940292BF27600153459 /* SnapKit */,
			);
			productName = Runday;
			productReference = 87DFEFE1291F69B3008D0FEF /* Runday.app */;
			productType = "com.apple.product-type.application";
		};
/* End PBXNativeTarget section */

/* Begin PBXProject section */
		87DFEFD9291F69B3008D0FEF /* Project object */ = {
			isa = PBXProject;
			attributes = {
				BuildIndependentTargetsInParallel = 1;
				LastSwiftUpdateCheck = 1400;
				LastUpgradeCheck = 1400;
				TargetAttributes = {
					87DFEFE0291F69B3008D0FEF = {
						CreatedOnToolsVersion = 14.0.1;
					};
				};
			};
			buildConfigurationList = 87DFEFDC291F69B3008D0FEF /* Build configuration list for PBXProject "Runday" */;
			compatibilityVersion = "Xcode 14.0";
			developmentRegion = en;
			hasScannedForEncodings = 0;
			knownRegions = (
				en,
				Base,
			);
			mainGroup = 87DFEFD8291F69B3008D0FEF;
			packageReferences = (
				87DFF0192921588D008D0FEF /* XCRemoteSwiftPackageReference "Then" */,
				D61A53C22926B1FE00F2386A /* XCRemoteSwiftPackageReference "lottie-ios" */,
				8760493C292BF04E00153459 /* XCRemoteSwiftPackageReference "Moya" */,
				8760493F292BF27600153459 /* XCRemoteSwiftPackageReference "SnapKit" */,
			);
			productRefGroup = 87DFEFE2291F69B3008D0FEF /* Products */;
			projectDirPath = "";
			projectRoot = "";
			targets = (
				87DFEFE0291F69B3008D0FEF /* Runday */,
			);
		};
/* End PBXProject section */

/* Begin PBXResourcesBuildPhase section */
		87DFEFDF291F69B3008D0FEF /* Resources */ = {
			isa = PBXResourcesBuildPhase;
			buildActionMask = 2147483647;
			files = (
				87DFF04129217B67008D0FEF /* voice.json in Resources */,
				876D2A7829218FE900EA19F2 /* RopaMixPro-ExtraBoldItalic.otf in Resources */,
				876D2A7A29218FEE00EA19F2 /* NotoSansKR-Medium.otf in Resources */,
				87DFEFF1291F69C1008D0FEF /* LaunchScreen.storyboard in Resources */,
				87DFEFEE291F69C1008D0FEF /* Assets.xcassets in Resources */,
				876D2A7929218FEC00EA19F2 /* NotoSansKR-Bold.otf in Resources */,
				876D2A7B29218FF000EA19F2 /* NotoSansKR-Regular.otf in Resources */,
				87DFEFEC291F69B3008D0FEF /* Main.storyboard in Resources */,
			);
			runOnlyForDeploymentPostprocessing = 0;
		};
/* End PBXResourcesBuildPhase section */

/* Begin PBXSourcesBuildPhase section */
		87DFEFDD291F69B3008D0FEF /* Sources */ = {
			isa = PBXSourcesBuildPhase;
			buildActionMask = 2147483647;
			files = (
				B849DC602927B44100841F97 /* BaseTargetType.swift in Sources */,
				8793EA2D292E949D00D593AA /* CircleRunningViewController.swift in Sources */,
				8760494A292C015800153459 /* LikeAPI.swift in Sources */,
				AB1CAE112924E2A8000AB433 /* RunModel.swift in Sources */,
				D6F8053A2925199B003ED937 /* ProfileModel.swift in Sources */,
				D6F8054029251A95003ED937 /* MenuModel.swift in Sources */,
				D6F8053E29251A17003ED937 /* BadgeModel.swift in Sources */,
				ABA01AD4292D436000223B1E /* RunPhotoModel.swift in Sources */,
				D6C979692925D9DC001F78BE /* ProfileTableViewCellType.swift in Sources */,
				D6F8054829252473003ED937 /* MenuCell.swift in Sources */,
				ABEC7592292617990054B4B7 /* ExerciseCollectionViewCell.swift in Sources */,
				AB1CAE0F2924D458000AB433 /* TabCollectionViewCell.swift in Sources */,
				AB0FCDEB2925038F009314FF /* PersonalExerciseViewController.swift in Sources */,
				87604943292BFAB800153459 /* CommonRequestDTO.swift in Sources */,
				AB0FCDE729250352009314FF /* LevelExerciseViewController.swift in Sources */,
				8793EA31292E9F6800D593AA /* RunCircleProgressView.swift in Sources */,
				AB0FCDE529250304009314FF /* MyExerciseViewController.swift in Sources */,
				B849DC652928A53100841F97 /* TimeExerciseService.swift in Sources */,
				D64434902924C5F500B2658B /* MyProfileView.swift in Sources */,
				D6F8053C292519F2003ED937 /* ExerciseModel.swift in Sources */,
				B849DC672928A69600841F97 /* LikeService.swift in Sources */,
				B849DC5A2927AC8900841F97 /* LikeResponseDTO.swift in Sources */,
				D6F8054429251FE6003ED937 /* ExerciseCell.swift in Sources */,
				B87E4D56292BC55C004208D1 /* NetworkError.swift in Sources */,
				87604956292D3AA400153459 /* RunGaugeModel.swift in Sources */,
				87DFF0232921593F008D0FEF /* MyProfileViewController.swift in Sources */,
				87604958292D3D0E00153459 /* RunGaugeStackView.swift in Sources */,
				8793EA2F292E96F100D593AA /* RunCircleStepView.swift in Sources */,
				876D2A7729218DE300EA19F2 /* UIFont+.swift in Sources */,
				87DFEFE9291F69B3008D0FEF /* BaseTabBarController.swift in Sources */,
				87E221D729242589003EE72A /* Speed.swift in Sources */,
				87DFF015292157CD008D0FEF /* BaseNavigationView.swift in Sources */,
				87DFF04429217E17008D0FEF /* UserModel.swift in Sources */,
				87DFF00F29215379008D0FEF /* UITableViewCell+.swift in Sources */,
				87DFF02129215924008D0FEF /* MenuViewController.swift in Sources */,
				87DFF00D2921535F008D0FEF /* UIColor+.swift in Sources */,
				AB89CFFB292CE8D1002BF039 /* TabModel.swift in Sources */,
				D6F8054629252439003ED937 /* BadgeCell.swift in Sources */,
				ABEC7594292622DE0054B4B7 /* Exercise.swift in Sources */,
				AB0FCDE92925036B009314FF /* TimeExerciseViewController.swift in Sources */,
				87DFF03029216B6C008D0FEF /* URLConstant.swift in Sources */,
				87604948292C015000153459 /* TimeExerciseAPI.swift in Sources */,
				B849DC5E2927B00B00841F97 /* MyProfileService.swift in Sources */,
				87DFF02529215952008D0FEF /* RunningViewController.swift in Sources */,
				87DFF00B29215346008D0FEF /* UIStackView+.swift in Sources */,
				87DFF0112921538E008D0FEF /* UICollectionViewCell+.swift in Sources */,
				87DFF01D292158DA008D0FEF /* BaseNavigationController.swift in Sources */,
				87DFEFE5291F69B3008D0FEF /* AppDelegate.swift in Sources */,
				87DFEFE7291F69B3008D0FEF /* SceneDelegate.swift in Sources */,
				87E221D929243440003EE72A /* RunGaugeView.swift in Sources */,
				87604954292C124600153459 /* CrewViewController.swift in Sources */,
				87DFF01F29215900008D0FEF /* HomeViewController.swift in Sources */,
				B849DC542927A68D00841F97 /* MyProfileResponseDTO.swift in Sources */,
				87604938292BEFA200153459 /* NetworkConstant.swift in Sources */,
				87DFF00929215339008D0FEF /* UIView+.swift in Sources */,
				B849DC562927A77B00841F97 /* TimeExerciseResponseDTO.swift in Sources */,
				871B12792924114C000C6D6D /* Adjusted+.swift in Sources */,
				B849DC4E29279A0C00841F97 /* NetworkLoggerPlugin.swift in Sources */,
				8760494C292C016000153459 /* MyProfileAPI.swift in Sources */,
				87E221D5292424C7003EE72A /* RunStepView.swift in Sources */,
				B849DC5029279A4C00841F97 /* Encodable+.swift in Sources */,
				87E221E0292556C5003EE72A /* RunningTimer.swift in Sources */,
				87604950292C0AFA00153459 /* NetworkResult.swift in Sources */,
			);
			runOnlyForDeploymentPostprocessing = 0;
		};
/* End PBXSourcesBuildPhase section */

/* Begin PBXVariantGroup section */
		87DFEFEA291F69B3008D0FEF /* Main.storyboard */ = {
			isa = PBXVariantGroup;
			children = (
				87DFEFEB291F69B3008D0FEF /* Base */,
			);
			name = Main.storyboard;
			sourceTree = "<group>";
		};
		87DFEFEF291F69C1008D0FEF /* LaunchScreen.storyboard */ = {
			isa = PBXVariantGroup;
			children = (
				87DFEFF0291F69C1008D0FEF /* Base */,
			);
			name = LaunchScreen.storyboard;
			sourceTree = "<group>";
		};
/* End PBXVariantGroup section */

/* Begin XCBuildConfiguration section */
		87DFEFF3291F69C1008D0FEF /* Debug */ = {
			isa = XCBuildConfiguration;
			buildSettings = {
				ALWAYS_SEARCH_USER_PATHS = NO;
				CLANG_ANALYZER_NONNULL = YES;
				CLANG_ANALYZER_NUMBER_OBJECT_CONVERSION = YES_AGGRESSIVE;
				CLANG_CXX_LANGUAGE_STANDARD = "gnu++20";
				CLANG_ENABLE_MODULES = YES;
				CLANG_ENABLE_OBJC_ARC = YES;
				CLANG_ENABLE_OBJC_WEAK = YES;
				CLANG_WARN_BLOCK_CAPTURE_AUTORELEASING = YES;
				CLANG_WARN_BOOL_CONVERSION = YES;
				CLANG_WARN_COMMA = YES;
				CLANG_WARN_CONSTANT_CONVERSION = YES;
				CLANG_WARN_DEPRECATED_OBJC_IMPLEMENTATIONS = YES;
				CLANG_WARN_DIRECT_OBJC_ISA_USAGE = YES_ERROR;
				CLANG_WARN_DOCUMENTATION_COMMENTS = YES;
				CLANG_WARN_EMPTY_BODY = YES;
				CLANG_WARN_ENUM_CONVERSION = YES;
				CLANG_WARN_INFINITE_RECURSION = YES;
				CLANG_WARN_INT_CONVERSION = YES;
				CLANG_WARN_NON_LITERAL_NULL_CONVERSION = YES;
				CLANG_WARN_OBJC_IMPLICIT_RETAIN_SELF = YES;
				CLANG_WARN_OBJC_LITERAL_CONVERSION = YES;
				CLANG_WARN_OBJC_ROOT_CLASS = YES_ERROR;
				CLANG_WARN_QUOTED_INCLUDE_IN_FRAMEWORK_HEADER = YES;
				CLANG_WARN_RANGE_LOOP_ANALYSIS = YES;
				CLANG_WARN_STRICT_PROTOTYPES = YES;
				CLANG_WARN_SUSPICIOUS_MOVE = YES;
				CLANG_WARN_UNGUARDED_AVAILABILITY = YES_AGGRESSIVE;
				CLANG_WARN_UNREACHABLE_CODE = YES;
				CLANG_WARN__DUPLICATE_METHOD_MATCH = YES;
				COPY_PHASE_STRIP = NO;
				DEBUG_INFORMATION_FORMAT = dwarf;
				ENABLE_STRICT_OBJC_MSGSEND = YES;
				ENABLE_TESTABILITY = YES;
				GCC_C_LANGUAGE_STANDARD = gnu11;
				GCC_DYNAMIC_NO_PIC = NO;
				GCC_NO_COMMON_BLOCKS = YES;
				GCC_OPTIMIZATION_LEVEL = 0;
				GCC_PREPROCESSOR_DEFINITIONS = (
					"DEBUG=1",
					"$(inherited)",
				);
				GCC_WARN_64_TO_32_BIT_CONVERSION = YES;
				GCC_WARN_ABOUT_RETURN_TYPE = YES_ERROR;
				GCC_WARN_UNDECLARED_SELECTOR = YES;
				GCC_WARN_UNINITIALIZED_AUTOS = YES_AGGRESSIVE;
				GCC_WARN_UNUSED_FUNCTION = YES;
				GCC_WARN_UNUSED_VARIABLE = YES;
				IPHONEOS_DEPLOYMENT_TARGET = 16.0;
				MTL_ENABLE_DEBUG_INFO = INCLUDE_SOURCE;
				MTL_FAST_MATH = YES;
				ONLY_ACTIVE_ARCH = YES;
				SDKROOT = iphoneos;
				SWIFT_ACTIVE_COMPILATION_CONDITIONS = DEBUG;
				SWIFT_OPTIMIZATION_LEVEL = "-Onone";
			};
			name = Debug;
		};
		87DFEFF4291F69C1008D0FEF /* Release */ = {
			isa = XCBuildConfiguration;
			buildSettings = {
				ALWAYS_SEARCH_USER_PATHS = NO;
				CLANG_ANALYZER_NONNULL = YES;
				CLANG_ANALYZER_NUMBER_OBJECT_CONVERSION = YES_AGGRESSIVE;
				CLANG_CXX_LANGUAGE_STANDARD = "gnu++20";
				CLANG_ENABLE_MODULES = YES;
				CLANG_ENABLE_OBJC_ARC = YES;
				CLANG_ENABLE_OBJC_WEAK = YES;
				CLANG_WARN_BLOCK_CAPTURE_AUTORELEASING = YES;
				CLANG_WARN_BOOL_CONVERSION = YES;
				CLANG_WARN_COMMA = YES;
				CLANG_WARN_CONSTANT_CONVERSION = YES;
				CLANG_WARN_DEPRECATED_OBJC_IMPLEMENTATIONS = YES;
				CLANG_WARN_DIRECT_OBJC_ISA_USAGE = YES_ERROR;
				CLANG_WARN_DOCUMENTATION_COMMENTS = YES;
				CLANG_WARN_EMPTY_BODY = YES;
				CLANG_WARN_ENUM_CONVERSION = YES;
				CLANG_WARN_INFINITE_RECURSION = YES;
				CLANG_WARN_INT_CONVERSION = YES;
				CLANG_WARN_NON_LITERAL_NULL_CONVERSION = YES;
				CLANG_WARN_OBJC_IMPLICIT_RETAIN_SELF = YES;
				CLANG_WARN_OBJC_LITERAL_CONVERSION = YES;
				CLANG_WARN_OBJC_ROOT_CLASS = YES_ERROR;
				CLANG_WARN_QUOTED_INCLUDE_IN_FRAMEWORK_HEADER = YES;
				CLANG_WARN_RANGE_LOOP_ANALYSIS = YES;
				CLANG_WARN_STRICT_PROTOTYPES = YES;
				CLANG_WARN_SUSPICIOUS_MOVE = YES;
				CLANG_WARN_UNGUARDED_AVAILABILITY = YES_AGGRESSIVE;
				CLANG_WARN_UNREACHABLE_CODE = YES;
				CLANG_WARN__DUPLICATE_METHOD_MATCH = YES;
				COPY_PHASE_STRIP = NO;
				DEBUG_INFORMATION_FORMAT = "dwarf-with-dsym";
				ENABLE_NS_ASSERTIONS = NO;
				ENABLE_STRICT_OBJC_MSGSEND = YES;
				GCC_C_LANGUAGE_STANDARD = gnu11;
				GCC_NO_COMMON_BLOCKS = YES;
				GCC_WARN_64_TO_32_BIT_CONVERSION = YES;
				GCC_WARN_ABOUT_RETURN_TYPE = YES_ERROR;
				GCC_WARN_UNDECLARED_SELECTOR = YES;
				GCC_WARN_UNINITIALIZED_AUTOS = YES_AGGRESSIVE;
				GCC_WARN_UNUSED_FUNCTION = YES;
				GCC_WARN_UNUSED_VARIABLE = YES;
				IPHONEOS_DEPLOYMENT_TARGET = 16.0;
				MTL_ENABLE_DEBUG_INFO = NO;
				MTL_FAST_MATH = YES;
				SDKROOT = iphoneos;
				SWIFT_COMPILATION_MODE = wholemodule;
				SWIFT_OPTIMIZATION_LEVEL = "-O";
				VALIDATE_PRODUCT = YES;
			};
			name = Release;
		};
		87DFEFF6291F69C1008D0FEF /* Debug */ = {
			isa = XCBuildConfiguration;
			buildSettings = {
				ASSETCATALOG_COMPILER_APPICON_NAME = AppIcon;
				ASSETCATALOG_COMPILER_GLOBAL_ACCENT_COLOR_NAME = AccentColor;
				BASE_URL = "http://43.201.119.48:3000";
				CODE_SIGN_STYLE = Automatic;
				CURRENT_PROJECT_VERSION = 1;
				DEVELOPMENT_TEAM = T6DNHAHXG9;
				GENERATE_INFOPLIST_FILE = YES;
				INFOPLIST_FILE = Runday/Resource/Application/Info.plist;
				INFOPLIST_KEY_UIApplicationSupportsIndirectInputEvents = YES;
				INFOPLIST_KEY_UILaunchStoryboardName = LaunchScreen;
				INFOPLIST_KEY_UIMainStoryboardFile = Main;
				INFOPLIST_KEY_UISupportedInterfaceOrientations_iPad = "UIInterfaceOrientationPortrait UIInterfaceOrientationPortraitUpsideDown UIInterfaceOrientationLandscapeLeft UIInterfaceOrientationLandscapeRight";
				INFOPLIST_KEY_UISupportedInterfaceOrientations_iPhone = "UIInterfaceOrientationPortrait UIInterfaceOrientationLandscapeLeft UIInterfaceOrientationLandscapeRight";
				LD_RUNPATH_SEARCH_PATHS = (
					"$(inherited)",
					"@executable_path/Frameworks",
				);
				MARKETING_VERSION = 1.0;
				PRODUCT_BUNDLE_IDENTIFIER = com.metlsplit.Runday;
				PRODUCT_NAME = "$(TARGET_NAME)";
				SWIFT_EMIT_LOC_STRINGS = YES;
				SWIFT_VERSION = 5.0;
				TARGETED_DEVICE_FAMILY = "1,2";
			};
			name = Debug;
		};
		87DFEFF7291F69C1008D0FEF /* Release */ = {
			isa = XCBuildConfiguration;
			buildSettings = {
				ASSETCATALOG_COMPILER_APPICON_NAME = AppIcon;
				ASSETCATALOG_COMPILER_GLOBAL_ACCENT_COLOR_NAME = AccentColor;
				BASE_URL = "http://43.201.119.48:3000";
				CODE_SIGN_STYLE = Automatic;
				CURRENT_PROJECT_VERSION = 1;
				DEVELOPMENT_TEAM = T6DNHAHXG9;
				GENERATE_INFOPLIST_FILE = YES;
				INFOPLIST_FILE = Runday/Resource/Application/Info.plist;
				INFOPLIST_KEY_UIApplicationSupportsIndirectInputEvents = YES;
				INFOPLIST_KEY_UILaunchStoryboardName = LaunchScreen;
				INFOPLIST_KEY_UIMainStoryboardFile = Main;
				INFOPLIST_KEY_UISupportedInterfaceOrientations_iPad = "UIInterfaceOrientationPortrait UIInterfaceOrientationPortraitUpsideDown UIInterfaceOrientationLandscapeLeft UIInterfaceOrientationLandscapeRight";
				INFOPLIST_KEY_UISupportedInterfaceOrientations_iPhone = "UIInterfaceOrientationPortrait UIInterfaceOrientationLandscapeLeft UIInterfaceOrientationLandscapeRight";
				LD_RUNPATH_SEARCH_PATHS = (
					"$(inherited)",
					"@executable_path/Frameworks",
				);
				MARKETING_VERSION = 1.0;
				PRODUCT_BUNDLE_IDENTIFIER = com.metlsplit.Runday;
				PRODUCT_NAME = "$(TARGET_NAME)";
				SWIFT_EMIT_LOC_STRINGS = YES;
				SWIFT_VERSION = 5.0;
				TARGETED_DEVICE_FAMILY = "1,2";
			};
			name = Release;
		};
/* End XCBuildConfiguration section */

/* Begin XCConfigurationList section */
		87DFEFDC291F69B3008D0FEF /* Build configuration list for PBXProject "Runday" */ = {
			isa = XCConfigurationList;
			buildConfigurations = (
				87DFEFF3291F69C1008D0FEF /* Debug */,
				87DFEFF4291F69C1008D0FEF /* Release */,
			);
			defaultConfigurationIsVisible = 0;
			defaultConfigurationName = Release;
		};
		87DFEFF5291F69C1008D0FEF /* Build configuration list for PBXNativeTarget "Runday" */ = {
			isa = XCConfigurationList;
			buildConfigurations = (
				87DFEFF6291F69C1008D0FEF /* Debug */,
				87DFEFF7291F69C1008D0FEF /* Release */,
			);
			defaultConfigurationIsVisible = 0;
			defaultConfigurationName = Release;
		};
/* End XCConfigurationList section */

/* Begin XCRemoteSwiftPackageReference section */
		8760493C292BF04E00153459 /* XCRemoteSwiftPackageReference "Moya" */ = {
			isa = XCRemoteSwiftPackageReference;
			repositoryURL = "https://github.com/Moya/Moya";
			requirement = {
				kind = upToNextMajorVersion;
				minimumVersion = 15.0.0;
			};
		};
		8760493F292BF27600153459 /* XCRemoteSwiftPackageReference "SnapKit" */ = {
			isa = XCRemoteSwiftPackageReference;
			repositoryURL = "https://github.com/SnapKit/SnapKit";
			requirement = {
				kind = upToNextMajorVersion;
				minimumVersion = 5.0.0;
			};
		};
		87DFF0192921588D008D0FEF /* XCRemoteSwiftPackageReference "Then" */ = {
			isa = XCRemoteSwiftPackageReference;
			repositoryURL = "https://github.com/devxoul/Then";
			requirement = {
				branch = master;
				kind = branch;
			};
		};
		D61A53C22926B1FE00F2386A /* XCRemoteSwiftPackageReference "lottie-ios" */ = {
			isa = XCRemoteSwiftPackageReference;
			repositoryURL = "https://github.com/airbnb/lottie-ios.git";
			requirement = {
				kind = upToNextMajorVersion;
				minimumVersion = 3.0.0;
			};
		};
/* End XCRemoteSwiftPackageReference section */

/* Begin XCSwiftPackageProductDependency section */
		8760493D292BF04E00153459 /* Moya */ = {
			isa = XCSwiftPackageProductDependency;
			package = 8760493C292BF04E00153459 /* XCRemoteSwiftPackageReference "Moya" */;
			productName = Moya;
		};
		87604940292BF27600153459 /* SnapKit */ = {
			isa = XCSwiftPackageProductDependency;
			package = 8760493F292BF27600153459 /* XCRemoteSwiftPackageReference "SnapKit" */;
			productName = SnapKit;
		};
		87DFF01A2921588D008D0FEF /* Then */ = {
			isa = XCSwiftPackageProductDependency;
			package = 87DFF0192921588D008D0FEF /* XCRemoteSwiftPackageReference "Then" */;
			productName = Then;
		};
		D61A53C32926B1FE00F2386A /* Lottie */ = {
			isa = XCSwiftPackageProductDependency;
			package = D61A53C22926B1FE00F2386A /* XCRemoteSwiftPackageReference "lottie-ios" */;
			productName = Lottie;
		};
/* End XCSwiftPackageProductDependency section */
	};
	rootObject = 87DFEFD9291F69B3008D0FEF /* Project object */;
}
